
Microsoft Visual Studio Solution File, Format Version 12.00
# Visual Studio Version 17
VisualStudioVersion = 17.4.33110.190
MinimumVisualStudioVersion = 10.0.40219.1
Project("{FAE04EC0-301F-11D3-BF4B-00C04F79EFBC}") = "PL", "PL\PL.csproj", "{B160EA3C-EA7E-489F-9E15-6D4944CABC8A}"
EndProject
Project("{FAE04EC0-301F-11D3-BF4B-00C04F79EFBC}") = "DAL", "DAL\DAL.csproj", "{673A2F3E-5F2B-492E-B0A9-69E41C2E2A94}"
EndProject
Project("{FAE04EC0-301F-11D3-BF4B-00C04F79EFBC}") = "BLL", "BLL\BLL.csproj", "{9B81D7D6-D683-4FD7-9DE0-73F847FAC1B1}"
EndProject
Global
	GlobalSection(SolutionConfigurationPlatforms) = preSolution
		Debug|Any CPU = Debug|Any CPU
		Release|Any CPU = Release|Any CPU
	EndGlobalSection
	GlobalSection(ProjectConfigurationPlatforms) = postSolution
		{B160EA3C-EA7E-489F-9E15-6D4944CABC8A}.Debug|Any CPU.ActiveCfg = Debug|Any CPU
		{B160EA3C-EA7E-489F-9E15-6D4944CABC8A}.Debug|Any CPU.Build.0 = Debug|Any CPU
		{B160EA3C-EA7E-489F-9E15-6D4944CABC8A}.Release|Any CPU.ActiveCfg = Release|Any CPU
		{B160EA3C-EA7E-489F-9E15-6D4944CABC8A}.Release|Any CPU.Build.0 = Release|Any CPU
		{673A2F3E-5F2B-492E-B0A9-69E41C2E2A94}.Debug|Any CPU.ActiveCfg = Debug|Any CPU
		{673A2F3E-5F2B-492E-B0A9-69E41C2E2A94}.Debug|Any CPU.Build.0 = Debug|Any CPU
		{673A2F3E-5F2B-492E-B0A9-69E41C2E2A94}.Release|Any CPU.ActiveCfg = Release|Any CPU
		{673A2F3E-5F2B-492E-B0A9-69E41C2E2A94}.Release|Any CPU.Build.0 = Release|Any CPU
		{9B81D7D6-D683-4FD7-9DE0-73F847FAC1B1}.Debug|Any CPU.ActiveCfg = Debug|Any CPU
		{9B81D7D6-D683-4FD7-9DE0-73F847FAC1B1}.Debug|Any CPU.Build.0 = Debug|Any CPU
		{9B81D7D6-D683-4FD7-9DE0-73F847FAC1B1}.Release|Any CPU.ActiveCfg = Release|Any CPU
		{9B81D7D6-D683-4FD7-9DE0-73F847FAC1B1}.Release|Any CPU.Build.0 = Release|Any CPU
	EndGlobalSection
	GlobalSection(SolutionProperties) = preSolution
		HideSolutionNode = FALSE
	EndGlobalSection
	GlobalSection(ExtensibilityGlobals) = postSolution
		SolutionGuid = {E3C8AE94-7229-45A7-8E88-DE4FEEA13904}
	EndGlobalSection
EndGlobal
